
Microsoft Visual Studio Solution File, Format Version 12.00
# Visual Studio Version 16
VisualStudioVersion = 16.0.31729.503
MinimumVisualStudioVersion = 10.0.40219.1
Project("{FAE04EC0-301F-11D3-BF4B-00C04F79EFBC}") = "MoodAnalyser", "MoodAnalyser\MoodAnalyser.csproj", "{0539476E-C7BC-4509-B39F-F01F9EE7D241}"
EndProject
Project("{FAE04EC0-301F-11D3-BF4B-00C04F79EFBC}") = "MoodTesting", "MoodTesting\MoodTesting.csproj", "{0B75B1A6-BE9A-4DA2-89BE-86457B63F14A}"
EndProject
Global
	GlobalSection(SolutionConfigurationPlatforms) = preSolution
		Debug|Any CPU = Debug|Any CPU
		Release|Any CPU = Release|Any CPU
	EndGlobalSection
	GlobalSection(ProjectConfigurationPlatforms) = postSolution
		{0539476E-C7BC-4509-B39F-F01F9EE7D241}.Debug|Any CPU.ActiveCfg = Debug|Any CPU
		{0539476E-C7BC-4509-B39F-F01F9EE7D241}.Debug|Any CPU.Build.0 = Debug|Any CPU
		{0539476E-C7BC-4509-B39F-F01F9EE7D241}.Release|Any CPU.ActiveCfg = Release|Any CPU
		{0539476E-C7BC-4509-B39F-F01F9EE7D241}.Release|Any CPU.Build.0 = Release|Any CPU
		{0B75B1A6-BE9A-4DA2-89BE-86457B63F14A}.Debug|Any CPU.ActiveCfg = Debug|Any CPU
		{0B75B1A6-BE9A-4DA2-89BE-86457B63F14A}.Debug|Any CPU.Build.0 = Debug|Any CPU
		{0B75B1A6-BE9A-4DA2-89BE-86457B63F14A}.Release|Any CPU.ActiveCfg = Release|Any CPU
		{0B75B1A6-BE9A-4DA2-89BE-86457B63F14A}.Release|Any CPU.Build.0 = Release|Any CPU
	EndGlobalSection
	GlobalSection(SolutionProperties) = preSolution
		HideSolutionNode = FALSE
	EndGlobalSection
	GlobalSection(ExtensibilityGlobals) = postSolution
		SolutionGuid = {9AD723D4-2CFD-403D-940A-CA8DCA742BC2}
	EndGlobalSection
EndGlobal
